// !$*UTF8*$!
{
	archiveVersion = 1;
	classes = {
	};
	objectVersion = 46;
	objects = {

/* Begin PBXBuildFile section */
		894A82401E4238640035BA0A /* Album.swift in Sources */ = {isa = PBXBuildFile; fileRef = 894A82321E4238640035BA0A /* Album.swift */; };
		894A82411E4238640035BA0A /* APIController.swift in Sources */ = {isa = PBXBuildFile; fileRef = 894A82331E4238640035BA0A /* APIController.swift */; };
		894A82421E4238640035BA0A /* AppDelegate.swift in Sources */ = {isa = PBXBuildFile; fileRef = 894A82341E4238640035BA0A /* AppDelegate.swift */; };
		894A82431E4238640035BA0A /* Assets.xcassets in Resources */ = {isa = PBXBuildFile; fileRef = 894A82351E4238640035BA0A /* Assets.xcassets */; };
		894A82441E4238640035BA0A /* LaunchScreen.storyboard in Resources */ = {isa = PBXBuildFile; fileRef = 894A82361E4238640035BA0A /* LaunchScreen.storyboard */; };
		894A82451E4238640035BA0A /* Main.storyboard in Resources */ = {isa = PBXBuildFile; fileRef = 894A82381E4238640035BA0A /* Main.storyboard */; };
		894A82461E4238640035BA0A /* Blank52.png in Resources */ = {isa = PBXBuildFile; fileRef = 894A823A1E4238640035BA0A /* Blank52.png */; };
		894A82471E4238640035BA0A /* DetailsViewController.swift in Sources */ = {isa = PBXBuildFile; fileRef = 894A823B1E4238640035BA0A /* DetailsViewController.swift */; };
		894A82481E4238640035BA0A /* Info.plist in Resources */ = {isa = PBXBuildFile; fileRef = 894A823C1E4238640035BA0A /* Info.plist */; };
		894A82491E4238640035BA0A /* SearchResultsViewController.swift in Sources */ = {isa = PBXBuildFile; fileRef = 894A823D1E4238640035BA0A /* SearchResultsViewController.swift */; };
		894A824A1E4238640035BA0A /* Track.swift in Sources */ = {isa = PBXBuildFile; fileRef = 894A823E1E4238640035BA0A /* Track.swift */; };
		894A824B1E4238640035BA0A /* TrackCell.swift in Sources */ = {isa = PBXBuildFile; fileRef = 894A823F1E4238640035BA0A /* TrackCell.swift */; };
/* End PBXBuildFile section */

/* Begin PBXFileReference section */
		894406A01E37581100B10416 /* PlaySong.app */ = {isa = PBXFileReference; explicitFileType = wrapper.application; includeInIndex = 0; path = PlaySong.app; sourceTree = BUILT_PRODUCTS_DIR; };
		894A82321E4238640035BA0A /* Album.swift */ = {isa = PBXFileReference; fileEncoding = 4; lastKnownFileType = sourcecode.swift; path = Album.swift; sourceTree = "<group>"; };
		894A82331E4238640035BA0A /* APIController.swift */ = {isa = PBXFileReference; fileEncoding = 4; lastKnownFileType = sourcecode.swift; path = APIController.swift; sourceTree = "<group>"; };
		894A82341E4238640035BA0A /* AppDelegate.swift */ = {isa = PBXFileReference; fileEncoding = 4; lastKnownFileType = sourcecode.swift; path = AppDelegate.swift; sourceTree = "<group>"; };
		894A82351E4238640035BA0A /* Assets.xcassets */ = {isa = PBXFileReference; lastKnownFileType = folder.assetcatalog; path = Assets.xcassets; sourceTree = "<group>"; };
		894A82371E4238640035BA0A /* Base */ = {isa = PBXFileReference; lastKnownFileType = file.storyboard; name = Base; path = Base.lproj/LaunchScreen.storyboard; sourceTree = "<group>"; };
		894A82391E4238640035BA0A /* Base */ = {isa = PBXFileReference; lastKnownFileType = file.storyboard; name = Base; path = Base.lproj/Main.storyboard; sourceTree = "<group>"; };
		894A823A1E4238640035BA0A /* Blank52.png */ = {isa = PBXFileReference; lastKnownFileType = image.png; path = Blank52.png; sourceTree = "<group>"; };
		894A823B1E4238640035BA0A /* DetailsViewController.swift */ = {isa = PBXFileReference; fileEncoding = 4; lastKnownFileType = sourcecode.swift; path = DetailsViewController.swift; sourceTree = "<group>"; };
		894A823C1E4238640035BA0A /* Info.plist */ = {isa = PBXFileReference; fileEncoding = 4; lastKnownFileType = text.plist.xml; path = Info.plist; sourceTree = "<group>"; };
		894A823D1E4238640035BA0A /* SearchResultsViewController.swift */ = {isa = PBXFileReference; fileEncoding = 4; lastKnownFileType = sourcecode.swift; path = SearchResultsViewController.swift; sourceTree = "<group>"; };
		894A823E1E4238640035BA0A /* Track.swift */ = {isa = PBXFileReference; fileEncoding = 4; lastKnownFileType = sourcecode.swift; path = Track.swift; sourceTree = "<group>"; };
		894A823F1E4238640035BA0A /* TrackCell.swift */ = {isa = PBXFileReference; fileEncoding = 4; lastKnownFileType = sourcecode.swift; path = TrackCell.swift; sourceTree = "<group>"; };
/* End PBXFileReference section */

/* Begin PBXFrameworksBuildPhase section */
		8944069D1E37581100B10416 /* Frameworks */ = {
			isa = PBXFrameworksBuildPhase;
			buildActionMask = 2147483647;
			files = (
			);
			runOnlyForDeploymentPostprocessing = 0;
		};
/* End PBXFrameworksBuildPhase section */

/* Begin PBXGroup section */
		894406971E37581100B10416 = {
			isa = PBXGroup;
			children = (
				894A82311E4238640035BA0A /* PlaySong */,
				894406A11E37581100B10416 /* Products */,
			);
			sourceTree = "<group>";
		};
		894406A11E37581100B10416 /* Products */ = {
			isa = PBXGroup;
			children = (
				894406A01E37581100B10416 /* PlaySong.app */,
			);
			name = Products;
			sourceTree = "<group>";
		};
		894A82311E4238640035BA0A /* PlaySong */ = {
			isa = PBXGroup;
			children = (
				894A82321E4238640035BA0A /* Album.swift */,
				894A82331E4238640035BA0A /* APIController.swift */,
				894A82341E4238640035BA0A /* AppDelegate.swift */,
				894A82351E4238640035BA0A /* Assets.xcassets */,
				894A82361E4238640035BA0A /* LaunchScreen.storyboard */,
				894A82381E4238640035BA0A /* Main.storyboard */,
				894A823A1E4238640035BA0A /* Blank52.png */,
				894A823B1E4238640035BA0A /* DetailsViewController.swift */,
				894A823C1E4238640035BA0A /* Info.plist */,
				894A823D1E4238640035BA0A /* SearchResultsViewController.swift */,
				894A823E1E4238640035BA0A /* Track.swift */,
				894A823F1E4238640035BA0A /* TrackCell.swift */,
			);
			path = PlaySong;
			sourceTree = "<group>";
		};
/* End PBXGroup section */

/* Begin PBXNativeTarget section */
		8944069F1E37581100B10416 /* PlaySong */ = {
			isa = PBXNativeTarget;
			buildConfigurationList = 894406B21E37581100B10416 /* Build configuration list for PBXNativeTarget "PlaySong" */;
			buildPhases = (
				8944069C1E37581100B10416 /* Sources */,
				8944069D1E37581100B10416 /* Frameworks */,
				8944069E1E37581100B10416 /* Resources */,
			);
			buildRules = (
			);
			dependencies = (
			);
			name = PlaySong;
			productName = FirstSwift;
			productReference = 894406A01E37581100B10416 /* PlaySong.app */;
			productType = "com.apple.product-type.application";
		};
/* End PBXNativeTarget section */

/* Begin PBXProject section */
		894406981E37581100B10416 /* Project object */ = {
			isa = PBXProject;
			attributes = {
				LastSwiftUpdateCheck = 0820;
				LastUpgradeCheck = 0820;
				ORGANIZATIONNAME = BigWin;
				TargetAttributes = {
					8944069F1E37581100B10416 = {
						CreatedOnToolsVersion = 8.2.1;
						ProvisioningStyle = Automatic;
					};
				};
			};
			buildConfigurationList = 8944069B1E37581100B10416 /* Build configuration list for PBXProject "PlaySong" */;
			compatibilityVersion = "Xcode 3.2";
			developmentRegion = English;
			hasScannedForEncodings = 0;
			knownRegions = (
				en,
				Base,
			);
			mainGroup = 894406971E37581100B10416;
			productRefGroup = 894406A11E37581100B10416 /* Products */;
			projectDirPath = "";
			projectRoot = "";
			targets = (
				8944069F1E37581100B10416 /* PlaySong */,
			);
		};
/* End PBXProject section */

/* Begin PBXResourcesBuildPhase section */
		8944069E1E37581100B10416 /* Resources */ = {
			isa = PBXResourcesBuildPhase;
			buildActionMask = 2147483647;
			files = (
				894A82451E4238640035BA0A /* Main.storyboard in Resources */,
				894A82461E4238640035BA0A /* Blank52.png in Resources */,
				894A82431E4238640035BA0A /* Assets.xcassets in Resources */,
				894A82481E4238640035BA0A /* Info.plist in Resources */,
				894A82441E4238640035BA0A /* LaunchScreen.storyboard in Resources */,
			);
			runOnlyForDeploymentPostprocessing = 0;
		};
/* End PBXResourcesBuildPhase section */

/* Begin PBXSourcesBuildPhase section */
		8944069C1E37581100B10416 /* Sources */ = {
			isa = PBXSourcesBuildPhase;
			buildActionMask = 2147483647;
			files = (
				894A824B1E4238640035BA0A /* TrackCell.swift in Sources */,
				894A82421E4238640035BA0A /* AppDelegate.swift in Sources */,
				894A82411E4238640035BA0A /* APIController.swift in Sources */,
				894A82401E4238640035BA0A /* Album.swift in Sources */,
				894A82471E4238640035BA0A /* DetailsViewController.swift in Sources */,
				894A82491E4238640035BA0A /* SearchResultsViewController.swift in Sources */,
				894A824A1E4238640035BA0A /* Track.swift in Sources */,
			);
			runOnlyForDeploymentPostprocessing = 0;
		};
/* End PBXSourcesBuildPhase section */

/* Begin PBXVariantGroup section */
		894A82361E4238640035BA0A /* LaunchScreen.storyboard */ = {
			isa = PBXVariantGroup;
			children = (
				894A82371E4238640035BA0A /* Base */,
			);
			name = LaunchScreen.storyboard;
			sourceTree = "<group>";
		};
		894A82381E4238640035BA0A /* Main.storyboard */ = {
			isa = PBXVariantGroup;
			children = (
				894A82391E4238640035BA0A /* Base */,
			);
			name = Main.storyboard;
			sourceTree = "<group>";
		};
/* End PBXVariantGroup section */

/* Begin XCBuildConfiguration section */
		894406B01E37581100B10416 /* Debug */ = {
			isa = XCBuildConfiguration;
			buildSettings = {
				ALWAYS_SEARCH_USER_PATHS = NO;
				CLANG_ANALYZER_NONNULL = YES;
				CLANG_CXX_LANGUAGE_STANDARD = "gnu++0x";
				CLANG_CXX_LIBRARY = "libc++";
				CLANG_ENABLE_MODULES = YES;
				CLANG_ENABLE_OBJC_ARC = YES;
				CLANG_WARN_BOOL_CONVERSION = YES;
				CLANG_WARN_CONSTANT_CONVERSION = YES;
				CLANG_WARN_DIRECT_OBJC_ISA_USAGE = YES_ERROR;
				CLANG_WARN_DOCUMENTATION_COMMENTS = YES;
				CLANG_WARN_EMPTY_BODY = YES;
				CLANG_WARN_ENUM_CONVERSION = YES;
				CLANG_WARN_INFINITE_RECURSION = YES;
				CLANG_WARN_INT_CONVERSION = YES;
				CLANG_WARN_OBJC_ROOT_CLASS = YES_ERROR;
				CLANG_WARN_SUSPICIOUS_MOVE = YES;
				CLANG_WARN_UNREACHABLE_CODE = YES;
				CLANG_WARN__DUPLICATE_METHOD_MATCH = YES;
				"CODE_SIGN_IDENTITY[sdk=iphoneos*]" = "iPhone Developer";
				COPY_PHASE_STRIP = NO;
				DEBUG_INFORMATION_FORMAT = dwarf;
				ENABLE_STRICT_OBJC_MSGSEND = YES;
				ENABLE_TESTABILITY = YES;
				GCC_C_LANGUAGE_STANDARD = gnu99;
				GCC_DYNAMIC_NO_PIC = NO;
				GCC_NO_COMMON_BLOCKS = YES;
				GCC_OPTIMIZATION_LEVEL = 0;
				GCC_PREPROCESSOR_DEFINITIONS = (
					"DEBUG=1",
					"$(inherited)",
				);
				GCC_WARN_64_TO_32_BIT_CONVERSION = YES;
				GCC_WARN_ABOUT_RETURN_TYPE = YES_ERROR;
				GCC_WARN_UNDECLARED_SELECTOR = YES;
				GCC_WARN_UNINITIALIZED_AUTOS = YES_AGGRESSIVE;
				GCC_WARN_UNUSED_FUNCTION = YES;
				GCC_WARN_UNUSED_VARIABLE = YES;
				IPHONEOS_DEPLOYMENT_TARGET = 10.2;
				MTL_ENABLE_DEBUG_INFO = YES;
				ONLY_ACTIVE_ARCH = YES;
				SDKROOT = iphoneos;
				SWIFT_ACTIVE_COMPILATION_CONDITIONS = DEBUG;
				SWIFT_OPTIMIZATION_LEVEL = "-Onone";
				TARGETED_DEVICE_FAMILY = "1,2";
			};
			name = Debug;
		};
		894406B11E37581100B10416 /* Release */ = {
			isa = XCBuildConfiguration;
			buildSettings = {
				ALWAYS_SEARCH_USER_PATHS = NO;
				CLANG_ANALYZER_NONNULL = YES;
				CLANG_CXX_LANGUAGE_STANDARD = "gnu++0x";
				CLANG_CXX_LIBRARY = "libc++";
				CLANG_ENABLE_MODULES = YES;
				CLANG_ENABLE_OBJC_ARC = YES;
				CLANG_WARN_BOOL_CONVERSION = YES;
				CLANG_WARN_CONSTANT_CONVERSION = YES;
				CLANG_WARN_DIRECT_OBJC_ISA_USAGE = YES_ERROR;
				CLANG_WARN_DOCUMENTATION_COMMENTS = YES;
				CLANG_WARN_EMPTY_BODY = YES;
				CLANG_WARN_ENUM_CONVERSION = YES;
				CLANG_WARN_INFINITE_RECURSION = YES;
				CLANG_WARN_INT_CONVERSION = YES;
				CLANG_WARN_OBJC_ROOT_CLASS = YES_ERROR;
				CLANG_WARN_SUSPICIOUS_MOVE = YES;
				CLANG_WARN_UNREACHABLE_CODE = YES;
				CLANG_WARN__DUPLICATE_METHOD_MATCH = YES;
				"CODE_SIGN_IDENTITY[sdk=iphoneos*]" = "iPhone Developer";
				COPY_PHASE_STRIP = NO;
				DEBUG_INFORMATION_FORMAT = "dwarf-with-dsym";
				ENABLE_NS_ASSERTIONS = NO;
				ENABLE_STRICT_OBJC_MSGSEND = YES;
				GCC_C_LANGUAGE_STANDARD = gnu99;
				GCC_NO_COMMON_BLOCKS = YES;
				GCC_WARN_64_TO_32_BIT_CONVERSION = YES;
				GCC_WARN_ABOUT_RETURN_TYPE = YES_ERROR;
				GCC_WARN_UNDECLARED_SELECTOR = YES;
				GCC_WARN_UNINITIALIZED_AUTOS = YES_AGGRESSIVE;
				GCC_WARN_UNUSED_FUNCTION = YES;
				GCC_WARN_UNUSED_VARIABLE = YES;
				IPHONEOS_DEPLOYMENT_TARGET = 10.2;
				MTL_ENABLE_DEBUG_INFO = NO;
				SDKROOT = iphoneos;
				SWIFT_OPTIMIZATION_LEVEL = "-Owholemodule";
				TARGETED_DEVICE_FAMILY = "1,2";
				VALIDATE_PRODUCT = YES;
			};
			name = Release;
		};
		894406B31E37581100B10416 /* Debug */ = {
			isa = XCBuildConfiguration;
			buildSettings = {
				ASSETCATALOG_COMPILER_APPICON_NAME = AppIcon;
				INFOPLIST_FILE = PlaySong/Info.plist;
				LD_RUNPATH_SEARCH_PATHS = "$(inherited) @executable_path/Frameworks";
				PRODUCT_BUNDLE_IDENTIFIER = com.pp.PlaySong;
				PRODUCT_NAME = "$(TARGET_NAME)";
				SWIFT_VERSION = 3.0;
			};
			name = Debug;
		};
		894406B41E37581100B10416 /* Release */ = {
			isa = XCBuildConfiguration;
			buildSettings = {
				ASSETCATALOG_COMPILER_APPICON_NAME = AppIcon;
				INFOPLIST_FILE = PlaySong/Info.plist;
				LD_RUNPATH_SEARCH_PATHS = "$(inherited) @executable_path/Frameworks";
				PRODUCT_BUNDLE_IDENTIFIER = com.pp.PlaySong;
				PRODUCT_NAME = "$(TARGET_NAME)";
				SWIFT_VERSION = 3.0;
			};
			name = Release;
		};
/* End XCBuildConfiguration section */

/* Begin XCConfigurationList section */
		8944069B1E37581100B10416 /* Build configuration list for PBXProject "PlaySong" */ = {
			isa = XCConfigurationList;
			buildConfigurations = (
				894406B01E37581100B10416 /* Debug */,
				894406B11E37581100B10416 /* Release */,
			);
			defaultConfigurationIsVisible = 0;
			defaultConfigurationName = Release;
		};
		894406B21E37581100B10416 /* Build configuration list for PBXNativeTarget "PlaySong" */ = {
			isa = XCConfigurationList;
			buildConfigurations = (
				894406B31E37581100B10416 /* Debug */,
				894406B41E37581100B10416 /* Release */,
			);
			defaultConfigurationIsVisible = 0;
			defaultConfigurationName = Release;
		};
/* End XCConfigurationList section */
	};
	rootObject = 894406981E37581100B10416 /* Project object */;
}
